
Microsoft Visual Studio Solution File, Format Version 12.00
# Visual Studio Version 17
VisualStudioVersion = 17.0.31903.59
MinimumVisualStudioVersion = 10.0.40219.1
Project("{2150E333-8FDC-42A3-9474-1A3956D46DE8}") = "recovered", "recovered", "{0CA7C510-81D0-6125-88FC-6D701964A67D}"
EndProject
Project("{FAE04EC0-301F-11D3-BF4B-00C04F79EFBC}") = "AddonPackagesOrganizer", "recovered\AddonPackagesOrganizer\AddonPackagesOrganizer.csproj", "{06912778-BEB2-4241-A697-4E0815BACF97}"
EndProject
Project("{FAE04EC0-301F-11D3-BF4B-00C04F79EFBC}") = "AssetLoaderHelper", "recovered\AssetLoaderHelper\AssetLoaderHelper.csproj", "{BA96D546-86C1-4F8C-8ED9-227601DAB16B}"
EndProject
Project("{FAE04EC0-301F-11D3-BF4B-00C04F79EFBC}") = "AutoBulger", "recovered\AutoBulger\AutoBulger.csproj", "{DF31E742-7CA1-4E8F-8103-0BD3193DAACC}"
EndProject
Project("{FAE04EC0-301F-11D3-BF4B-00C04F79EFBC}") = "BootyPhysics", "recovered\BootyPhysics\BootyPhysics.csproj", "{50A7E678-7632-4CD2-B79D-B9648A0AB68D}"
EndProject
Project("{FAE04EC0-301F-11D3-BF4B-00C04F79EFBC}") = "CacheHelper", "recovered\CacheHelper\CacheHelper.csproj", "{12C9E507-CC22-47B4-BF20-341BB3E8AF19}"
EndProject
Project("{FAE04EC0-301F-11D3-BF4B-00C04F79EFBC}") = "ContentListFixer", "recovered\ContentListFixer\ContentListFixer.csproj", "{38AE017B-62E1-46B0-AAE5-3531D977C474}"
EndProject
Project("{FAE04EC0-301F-11D3-BF4B-00C04F79EFBC}") = "ExtraAutoGenitals", "recovered\ExtraAutoGenitals\ExtraAutoGenitals.csproj", "{4E61C237-86E6-4728-97D3-7DC110F1515E}"
EndProject
Project("{FAE04EC0-301F-11D3-BF4B-00C04F79EFBC}") = "FastLoad", "recovered\FastLoad\FastLoad.csproj", "{4EBAEB15-E1D8-4171-B6B3-E7D488CCB2E7}"
EndProject
Project("{FAE04EC0-301F-11D3-BF4B-00C04F79EFBC}") = "ForceHardDelete", "recovered\ForceHardDelete\ForceHardDelete.csproj", "{5CAE6832-C67F-4AF6-8A2E-6C43DD41FACC}"
EndProject
Project("{FAE04EC0-301F-11D3-BF4B-00C04F79EFBC}") = "KeybindFixer", "recovered\KeybindFixer\KeybindFixer.csproj", "{988A817E-754D-4C0E-853C-D083827FF954}"
EndProject
Project("{FAE04EC0-301F-11D3-BF4B-00C04F79EFBC}") = "KeyGenerator", "recovered\KeyGenerator\KeyGenerator.csproj", "{1C804755-B631-4E2F-A5CB-D423CAFF1CE7}"
EndProject
Project("{FAE04EC0-301F-11D3-BF4B-00C04F79EFBC}") = "LocationIndependence", "recovered\LocationIndependence\LocationIndependence.csproj", "{14EAC6A2-7B0A-458E-BF29-5C8B9611A0E5}"
EndProject
Project("{FAE04EC0-301F-11D3-BF4B-00C04F79EFBC}") = "MaleMoanOff", "recovered\MaleMoanOff\MaleMoanOff.csproj", "{2F27F918-800D-46BF-ADA6-31E04D835807}"
EndProject
Project("{FAE04EC0-301F-11D3-BF4B-00C04F79EFBC}") = "MicAlwaysOn", "recovered\MicAlwaysOn\MicAlwaysOn.csproj", "{291B2B91-D6B0-43FB-8838-7F6AACB3D36A}"
EndProject
Project("{FAE04EC0-301F-11D3-BF4B-00C04F79EFBC}") = "ParallelVARScan", "recovered\ParallelVARScan\ParallelVARScan.csproj", "{19DDFF73-8C92-47A7-A828-B010F22D33E7}"
EndProject
Project("{FAE04EC0-301F-11D3-BF4B-00C04F79EFBC}") = "QvaroSync", "recovered\QvaroSync\QvaroSync.csproj", "{78E379A6-32AC-42F7-B306-A50B4E34EE70}"
EndProject
Project("{FAE04EC0-301F-11D3-BF4B-00C04F79EFBC}") = "SceneSpeedLoader", "recovered\SceneSpeedLoader\SceneSpeedLoader.csproj", "{EA49D1D7-9CBB-4594-A66C-1466BE9EA0AF}"
EndProject
Project("{FAE04EC0-301F-11D3-BF4B-00C04F79EFBC}") = "SelfPathFixer", "recovered\SelfPathFixer\SelfPathFixer.csproj", "{46B0E0EB-B6AA-484F-AF69-F2E92A0A54ED}"
EndProject
Project("{FAE04EC0-301F-11D3-BF4B-00C04F79EFBC}") = "StartupProfiler", "recovered\StartupProfiler\StartupProfiler.csproj", "{A34F0E8C-B81B-4459-B90F-D313E6A45CF0}"
EndProject
Project("{FAE04EC0-301F-11D3-BF4B-00C04F79EFBC}") = "VamPar2", "recovered\VamPar2\VamPar2.csproj", "{9F57A537-33A1-4F6C-B933-6158AE8268DA}"
EndProject
Project("{FAE04EC0-301F-11D3-BF4B-00C04F79EFBC}") = "VARIndexCache", "recovered\VARIndexCache\VARIndexCache.csproj", "{97388611-B44A-417A-B839-17374E97DB8E}"
EndProject
Project("{FAE04EC0-301F-11D3-BF4B-00C04F79EFBC}") = "VarVarFixer", "recovered\VarVarFixer\VarVarFixer.csproj", "{4434B852-E4C0-43D6-8266-5899B7725AD9}"
EndProject
Project("{FAE04EC0-301F-11D3-BF4B-00C04F79EFBC}") = "ZeroT.PostMagicToggle", "recovered\ZeroT.PostMagicToggle\ZeroT.PostMagicToggle.csproj", "{E9483D14-CB46-4D25-8866-74921AFAB9FC}"
EndProject
Global
	GlobalSection(SolutionConfigurationPlatforms) = preSolution
		Debug|Any CPU = Debug|Any CPU
		Debug|x64 = Debug|x64
		Debug|x86 = Debug|x86
		Release|Any CPU = Release|Any CPU
		Release|x64 = Release|x64
		Release|x86 = Release|x86
	EndGlobalSection
	GlobalSection(ProjectConfigurationPlatforms) = postSolution
		{06912778-BEB2-4241-A697-4E0815BACF97}.Debug|Any CPU.ActiveCfg = Debug|Any CPU
		{06912778-BEB2-4241-A697-4E0815BACF97}.Debug|Any CPU.Build.0 = Debug|Any CPU
		{06912778-BEB2-4241-A697-4E0815BACF97}.Debug|x64.ActiveCfg = Debug|Any CPU
		{06912778-BEB2-4241-A697-4E0815BACF97}.Debug|x64.Build.0 = Debug|Any CPU
		{06912778-BEB2-4241-A697-4E0815BACF97}.Debug|x86.ActiveCfg = Debug|Any CPU
		{06912778-BEB2-4241-A697-4E0815BACF97}.Debug|x86.Build.0 = Debug|Any CPU
		{06912778-BEB2-4241-A697-4E0815BACF97}.Release|Any CPU.ActiveCfg = Release|Any CPU
		{06912778-BEB2-4241-A697-4E0815BACF97}.Release|Any CPU.Build.0 = Release|Any CPU
		{06912778-BEB2-4241-A697-4E0815BACF97}.Release|x64.ActiveCfg = Release|Any CPU
		{06912778-BEB2-4241-A697-4E0815BACF97}.Release|x64.Build.0 = Release|Any CPU
		{06912778-BEB2-4241-A697-4E0815BACF97}.Release|x86.ActiveCfg = Release|Any CPU
		{06912778-BEB2-4241-A697-4E0815BACF97}.Release|x86.Build.0 = Release|Any CPU
		{BA96D546-86C1-4F8C-8ED9-227601DAB16B}.Debug|Any CPU.ActiveCfg = Debug|Any CPU
		{BA96D546-86C1-4F8C-8ED9-227601DAB16B}.Debug|Any CPU.Build.0 = Debug|Any CPU
		{BA96D546-86C1-4F8C-8ED9-227601DAB16B}.Debug|x64.ActiveCfg = Debug|Any CPU
		{BA96D546-86C1-4F8C-8ED9-227601DAB16B}.Debug|x64.Build.0 = Debug|Any CPU
		{BA96D546-86C1-4F8C-8ED9-227601DAB16B}.Debug|x86.ActiveCfg = Debug|Any CPU
		{BA96D546-86C1-4F8C-8ED9-227601DAB16B}.Debug|x86.Build.0 = Debug|Any CPU
		{BA96D546-86C1-4F8C-8ED9-227601DAB16B}.Release|Any CPU.ActiveCfg = Release|Any CPU
		{BA96D546-86C1-4F8C-8ED9-227601DAB16B}.Release|Any CPU.Build.0 = Release|Any CPU
		{BA96D546-86C1-4F8C-8ED9-227601DAB16B}.Release|x64.ActiveCfg = Release|Any CPU
		{BA96D546-86C1-4F8C-8ED9-227601DAB16B}.Release|x64.Build.0 = Release|Any CPU
		{BA96D546-86C1-4F8C-8ED9-227601DAB16B}.Release|x86.ActiveCfg = Release|Any CPU
		{BA96D546-86C1-4F8C-8ED9-227601DAB16B}.Release|x86.Build.0 = Release|Any CPU
		{DF31E742-7CA1-4E8F-8103-0BD3193DAACC}.Debug|Any CPU.ActiveCfg = Debug|Any CPU
		{DF31E742-7CA1-4E8F-8103-0BD3193DAACC}.Debug|Any CPU.Build.0 = Debug|Any CPU
		{DF31E742-7CA1-4E8F-8103-0BD3193DAACC}.Debug|x64.ActiveCfg = Debug|Any CPU
		{DF31E742-7CA1-4E8F-8103-0BD3193DAACC}.Debug|x64.Build.0 = Debug|Any CPU
		{DF31E742-7CA1-4E8F-8103-0BD3193DAACC}.Debug|x86.ActiveCfg = Debug|Any CPU
		{DF31E742-7CA1-4E8F-8103-0BD3193DAACC}.Debug|x86.Build.0 = Debug|Any CPU
		{DF31E742-7CA1-4E8F-8103-0BD3193DAACC}.Release|Any CPU.ActiveCfg = Release|Any CPU
		{DF31E742-7CA1-4E8F-8103-0BD3193DAACC}.Release|Any CPU.Build.0 = Release|Any CPU
		{DF31E742-7CA1-4E8F-8103-0BD3193DAACC}.Release|x64.ActiveCfg = Release|Any CPU
		{DF31E742-7CA1-4E8F-8103-0BD3193DAACC}.Release|x64.Build.0 = Release|Any CPU
		{DF31E742-7CA1-4E8F-8103-0BD3193DAACC}.Release|x86.ActiveCfg = Release|Any CPU
		{DF31E742-7CA1-4E8F-8103-0BD3193DAACC}.Release|x86.Build.0 = Release|Any CPU
		{50A7E678-7632-4CD2-B79D-B9648A0AB68D}.Debug|Any CPU.ActiveCfg = Debug|Any CPU
		{50A7E678-7632-4CD2-B79D-B9648A0AB68D}.Debug|Any CPU.Build.0 = Debug|Any CPU
		{50A7E678-7632-4CD2-B79D-B9648A0AB68D}.Debug|x64.ActiveCfg = Debug|Any CPU
		{50A7E678-7632-4CD2-B79D-B9648A0AB68D}.Debug|x64.Build.0 = Debug|Any CPU
		{50A7E678-7632-4CD2-B79D-B9648A0AB68D}.Debug|x86.ActiveCfg = Debug|Any CPU
		{50A7E678-7632-4CD2-B79D-B9648A0AB68D}.Debug|x86.Build.0 = Debug|Any CPU
		{50A7E678-7632-4CD2-B79D-B9648A0AB68D}.Release|Any CPU.ActiveCfg = Release|Any CPU
		{50A7E678-7632-4CD2-B79D-B9648A0AB68D}.Release|Any CPU.Build.0 = Release|Any CPU
		{50A7E678-7632-4CD2-B79D-B9648A0AB68D}.Release|x64.ActiveCfg = Release|Any CPU
		{50A7E678-7632-4CD2-B79D-B9648A0AB68D}.Release|x64.Build.0 = Release|Any CPU
		{50A7E678-7632-4CD2-B79D-B9648A0AB68D}.Release|x86.ActiveCfg = Release|Any CPU
		{50A7E678-7632-4CD2-B79D-B9648A0AB68D}.Release|x86.Build.0 = Release|Any CPU
		{12C9E507-CC22-47B4-BF20-341BB3E8AF19}.Debug|Any CPU.ActiveCfg = Debug|Any CPU
		{12C9E507-CC22-47B4-BF20-341BB3E8AF19}.Debug|Any CPU.Build.0 = Debug|Any CPU
		{12C9E507-CC22-47B4-BF20-341BB3E8AF19}.Debug|x64.ActiveCfg = Debug|Any CPU
		{12C9E507-CC22-47B4-BF20-341BB3E8AF19}.Debug|x64.Build.0 = Debug|Any CPU
		{12C9E507-CC22-47B4-BF20-341BB3E8AF19}.Debug|x86.ActiveCfg = Debug|Any CPU
		{12C9E507-CC22-47B4-BF20-341BB3E8AF19}.Debug|x86.Build.0 = Debug|Any CPU
		{12C9E507-CC22-47B4-BF20-341BB3E8AF19}.Release|Any CPU.ActiveCfg = Release|Any CPU
		{12C9E507-CC22-47B4-BF20-341BB3E8AF19}.Release|Any CPU.Build.0 = Release|Any CPU
		{12C9E507-CC22-47B4-BF20-341BB3E8AF19}.Release|x64.ActiveCfg = Release|Any CPU
		{12C9E507-CC22-47B4-BF20-341BB3E8AF19}.Release|x64.Build.0 = Release|Any CPU
		{12C9E507-CC22-47B4-BF20-341BB3E8AF19}.Release|x86.ActiveCfg = Release|Any CPU
		{12C9E507-CC22-47B4-BF20-341BB3E8AF19}.Release|x86.Build.0 = Release|Any CPU
		{38AE017B-62E1-46B0-AAE5-3531D977C474}.Debug|Any CPU.ActiveCfg = Debug|Any CPU
		{38AE017B-62E1-46B0-AAE5-3531D977C474}.Debug|Any CPU.Build.0 = Debug|Any CPU
		{38AE017B-62E1-46B0-AAE5-3531D977C474}.Debug|x64.ActiveCfg = Debug|Any CPU
		{38AE017B-62E1-46B0-AAE5-3531D977C474}.Debug|x64.Build.0 = Debug|Any CPU
		{38AE017B-62E1-46B0-AAE5-3531D977C474}.Debug|x86.ActiveCfg = Debug|Any CPU
		{38AE017B-62E1-46B0-AAE5-3531D977C474}.Debug|x86.Build.0 = Debug|Any CPU
		{38AE017B-62E1-46B0-AAE5-3531D977C474}.Release|Any CPU.ActiveCfg = Release|Any CPU
		{38AE017B-62E1-46B0-AAE5-3531D977C474}.Release|Any CPU.Build.0 = Release|Any CPU
		{38AE017B-62E1-46B0-AAE5-3531D977C474}.Release|x64.ActiveCfg = Release|Any CPU
		{38AE017B-62E1-46B0-AAE5-3531D977C474}.Release|x64.Build.0 = Release|Any CPU
		{38AE017B-62E1-46B0-AAE5-3531D977C474}.Release|x86.ActiveCfg = Release|Any CPU
		{38AE017B-62E1-46B0-AAE5-3531D977C474}.Release|x86.Build.0 = Release|Any CPU
		{4E61C237-86E6-4728-97D3-7DC110F1515E}.Debug|Any CPU.ActiveCfg = Debug|Any CPU
		{4E61C237-86E6-4728-97D3-7DC110F1515E}.Debug|Any CPU.Build.0 = Debug|Any CPU
		{4E61C237-86E6-4728-97D3-7DC110F1515E}.Debug|x64.ActiveCfg = Debug|Any CPU
		{4E61C237-86E6-4728-97D3-7DC110F1515E}.Debug|x64.Build.0 = Debug|Any CPU
		{4E61C237-86E6-4728-97D3-7DC110F1515E}.Debug|x86.ActiveCfg = Debug|Any CPU
		{4E61C237-86E6-4728-97D3-7DC110F1515E}.Debug|x86.Build.0 = Debug|Any CPU
		{4E61C237-86E6-4728-97D3-7DC110F1515E}.Release|Any CPU.ActiveCfg = Release|Any CPU
		{4E61C237-86E6-4728-97D3-7DC110F1515E}.Release|Any CPU.Build.0 = Release|Any CPU
		{4E61C237-86E6-4728-97D3-7DC110F1515E}.Release|x64.ActiveCfg = Release|Any CPU
		{4E61C237-86E6-4728-97D3-7DC110F1515E}.Release|x64.Build.0 = Release|Any CPU
		{4E61C237-86E6-4728-97D3-7DC110F1515E}.Release|x86.ActiveCfg = Release|Any CPU
		{4E61C237-86E6-4728-97D3-7DC110F1515E}.Release|x86.Build.0 = Release|Any CPU
		{4EBAEB15-E1D8-4171-B6B3-E7D488CCB2E7}.Debug|Any CPU.ActiveCfg = Debug|Any CPU
		{4EBAEB15-E1D8-4171-B6B3-E7D488CCB2E7}.Debug|Any CPU.Build.0 = Debug|Any CPU
		{4EBAEB15-E1D8-4171-B6B3-E7D488CCB2E7}.Debug|x64.ActiveCfg = Debug|Any CPU
		{4EBAEB15-E1D8-4171-B6B3-E7D488CCB2E7}.Debug|x64.Build.0 = Debug|Any CPU
		{4EBAEB15-E1D8-4171-B6B3-E7D488CCB2E7}.Debug|x86.ActiveCfg = Debug|Any CPU
		{4EBAEB15-E1D8-4171-B6B3-E7D488CCB2E7}.Debug|x86.Build.0 = Debug|Any CPU
		{4EBAEB15-E1D8-4171-B6B3-E7D488CCB2E7}.Release|Any CPU.ActiveCfg = Release|Any CPU
		{4EBAEB15-E1D8-4171-B6B3-E7D488CCB2E7}.Release|Any CPU.Build.0 = Release|Any CPU
		{4EBAEB15-E1D8-4171-B6B3-E7D488CCB2E7}.Release|x64.ActiveCfg = Release|Any CPU
		{4EBAEB15-E1D8-4171-B6B3-E7D488CCB2E7}.Release|x64.Build.0 = Release|Any CPU
		{4EBAEB15-E1D8-4171-B6B3-E7D488CCB2E7}.Release|x86.ActiveCfg = Release|Any CPU
		{4EBAEB15-E1D8-4171-B6B3-E7D488CCB2E7}.Release|x86.Build.0 = Release|Any CPU
		{5CAE6832-C67F-4AF6-8A2E-6C43DD41FACC}.Debug|Any CPU.ActiveCfg = Debug|Any CPU
		{5CAE6832-C67F-4AF6-8A2E-6C43DD41FACC}.Debug|Any CPU.Build.0 = Debug|Any CPU
		{5CAE6832-C67F-4AF6-8A2E-6C43DD41FACC}.Debug|x64.ActiveCfg = Debug|Any CPU
		{5CAE6832-C67F-4AF6-8A2E-6C43DD41FACC}.Debug|x64.Build.0 = Debug|Any CPU
		{5CAE6832-C67F-4AF6-8A2E-6C43DD41FACC}.Debug|x86.ActiveCfg = Debug|Any CPU
		{5CAE6832-C67F-4AF6-8A2E-6C43DD41FACC}.Debug|x86.Build.0 = Debug|Any CPU
		{5CAE6832-C67F-4AF6-8A2E-6C43DD41FACC}.Release|Any CPU.ActiveCfg = Release|Any CPU
		{5CAE6832-C67F-4AF6-8A2E-6C43DD41FACC}.Release|Any CPU.Build.0 = Release|Any CPU
		{5CAE6832-C67F-4AF6-8A2E-6C43DD41FACC}.Release|x64.ActiveCfg = Release|Any CPU
		{5CAE6832-C67F-4AF6-8A2E-6C43DD41FACC}.Release|x64.Build.0 = Release|Any CPU
		{5CAE6832-C67F-4AF6-8A2E-6C43DD41FACC}.Release|x86.ActiveCfg = Release|Any CPU
		{5CAE6832-C67F-4AF6-8A2E-6C43DD41FACC}.Release|x86.Build.0 = Release|Any CPU
		{988A817E-754D-4C0E-853C-D083827FF954}.Debug|Any CPU.ActiveCfg = Debug|Any CPU
		{988A817E-754D-4C0E-853C-D083827FF954}.Debug|Any CPU.Build.0 = Debug|Any CPU
		{988A817E-754D-4C0E-853C-D083827FF954}.Debug|x64.ActiveCfg = Debug|Any CPU
		{988A817E-754D-4C0E-853C-D083827FF954}.Debug|x64.Build.0 = Debug|Any CPU
		{988A817E-754D-4C0E-853C-D083827FF954}.Debug|x86.ActiveCfg = Debug|Any CPU
		{988A817E-754D-4C0E-853C-D083827FF954}.Debug|x86.Build.0 = Debug|Any CPU
		{988A817E-754D-4C0E-853C-D083827FF954}.Release|Any CPU.ActiveCfg = Release|Any CPU
		{988A817E-754D-4C0E-853C-D083827FF954}.Release|Any CPU.Build.0 = Release|Any CPU
		{988A817E-754D-4C0E-853C-D083827FF954}.Release|x64.ActiveCfg = Release|Any CPU
		{988A817E-754D-4C0E-853C-D083827FF954}.Release|x64.Build.0 = Release|Any CPU
		{988A817E-754D-4C0E-853C-D083827FF954}.Release|x86.ActiveCfg = Release|Any CPU
		{988A817E-754D-4C0E-853C-D083827FF954}.Release|x86.Build.0 = Release|Any CPU
		{1C804755-B631-4E2F-A5CB-D423CAFF1CE7}.Debug|Any CPU.ActiveCfg = Debug|Any CPU
		{1C804755-B631-4E2F-A5CB-D423CAFF1CE7}.Debug|Any CPU.Build.0 = Debug|Any CPU
		{1C804755-B631-4E2F-A5CB-D423CAFF1CE7}.Debug|x64.ActiveCfg = Debug|Any CPU
		{1C804755-B631-4E2F-A5CB-D423CAFF1CE7}.Debug|x64.Build.0 = Debug|Any CPU
		{1C804755-B631-4E2F-A5CB-D423CAFF1CE7}.Debug|x86.ActiveCfg = Debug|Any CPU
		{1C804755-B631-4E2F-A5CB-D423CAFF1CE7}.Debug|x86.Build.0 = Debug|Any CPU
		{1C804755-B631-4E2F-A5CB-D423CAFF1CE7}.Release|Any CPU.ActiveCfg = Release|Any CPU
		{1C804755-B631-4E2F-A5CB-D423CAFF1CE7}.Release|Any CPU.Build.0 = Release|Any CPU
		{1C804755-B631-4E2F-A5CB-D423CAFF1CE7}.Release|x64.ActiveCfg = Release|Any CPU
		{1C804755-B631-4E2F-A5CB-D423CAFF1CE7}.Release|x64.Build.0 = Release|Any CPU
		{1C804755-B631-4E2F-A5CB-D423CAFF1CE7}.Release|x86.ActiveCfg = Release|Any CPU
		{1C804755-B631-4E2F-A5CB-D423CAFF1CE7}.Release|x86.Build.0 = Release|Any CPU
		{14EAC6A2-7B0A-458E-BF29-5C8B9611A0E5}.Debug|Any CPU.ActiveCfg = Debug|Any CPU
		{14EAC6A2-7B0A-458E-BF29-5C8B9611A0E5}.Debug|Any CPU.Build.0 = Debug|Any CPU
		{14EAC6A2-7B0A-458E-BF29-5C8B9611A0E5}.Debug|x64.ActiveCfg = Debug|Any CPU
		{14EAC6A2-7B0A-458E-BF29-5C8B9611A0E5}.Debug|x64.Build.0 = Debug|Any CPU
		{14EAC6A2-7B0A-458E-BF29-5C8B9611A0E5}.Debug|x86.ActiveCfg = Debug|Any CPU
		{14EAC6A2-7B0A-458E-BF29-5C8B9611A0E5}.Debug|x86.Build.0 = Debug|Any CPU
		{14EAC6A2-7B0A-458E-BF29-5C8B9611A0E5}.Release|Any CPU.ActiveCfg = Release|Any CPU
		{14EAC6A2-7B0A-458E-BF29-5C8B9611A0E5}.Release|Any CPU.Build.0 = Release|Any CPU
		{14EAC6A2-7B0A-458E-BF29-5C8B9611A0E5}.Release|x64.ActiveCfg = Release|Any CPU
		{14EAC6A2-7B0A-458E-BF29-5C8B9611A0E5}.Release|x64.Build.0 = Release|Any CPU
		{14EAC6A2-7B0A-458E-BF29-5C8B9611A0E5}.Release|x86.ActiveCfg = Release|Any CPU
		{14EAC6A2-7B0A-458E-BF29-5C8B9611A0E5}.Release|x86.Build.0 = Release|Any CPU
		{2F27F918-800D-46BF-ADA6-31E04D835807}.Debug|Any CPU.ActiveCfg = Debug|Any CPU
		{2F27F918-800D-46BF-ADA6-31E04D835807}.Debug|Any CPU.Build.0 = Debug|Any CPU
		{2F27F918-800D-46BF-ADA6-31E04D835807}.Debug|x64.ActiveCfg = Debug|Any CPU
		{2F27F918-800D-46BF-ADA6-31E04D835807}.Debug|x64.Build.0 = Debug|Any CPU
		{2F27F918-800D-46BF-ADA6-31E04D835807}.Debug|x86.ActiveCfg = Debug|Any CPU
		{2F27F918-800D-46BF-ADA6-31E04D835807}.Debug|x86.Build.0 = Debug|Any CPU
		{2F27F918-800D-46BF-ADA6-31E04D835807}.Release|Any CPU.ActiveCfg = Release|Any CPU
		{2F27F918-800D-46BF-ADA6-31E04D835807}.Release|Any CPU.Build.0 = Release|Any CPU
		{2F27F918-800D-46BF-ADA6-31E04D835807}.Release|x64.ActiveCfg = Release|Any CPU
		{2F27F918-800D-46BF-ADA6-31E04D835807}.Release|x64.Build.0 = Release|Any CPU
		{2F27F918-800D-46BF-ADA6-31E04D835807}.Release|x86.ActiveCfg = Release|Any CPU
		{2F27F918-800D-46BF-ADA6-31E04D835807}.Release|x86.Build.0 = Release|Any CPU
		{291B2B91-D6B0-43FB-8838-7F6AACB3D36A}.Debug|Any CPU.ActiveCfg = Debug|Any CPU
		{291B2B91-D6B0-43FB-8838-7F6AACB3D36A}.Debug|Any CPU.Build.0 = Debug|Any CPU
		{291B2B91-D6B0-43FB-8838-7F6AACB3D36A}.Debug|x64.ActiveCfg = Debug|Any CPU
		{291B2B91-D6B0-43FB-8838-7F6AACB3D36A}.Debug|x64.Build.0 = Debug|Any CPU
		{291B2B91-D6B0-43FB-8838-7F6AACB3D36A}.Debug|x86.ActiveCfg = Debug|Any CPU
		{291B2B91-D6B0-43FB-8838-7F6AACB3D36A}.Debug|x86.Build.0 = Debug|Any CPU
		{291B2B91-D6B0-43FB-8838-7F6AACB3D36A}.Release|Any CPU.ActiveCfg = Release|Any CPU
		{291B2B91-D6B0-43FB-8838-7F6AACB3D36A}.Release|Any CPU.Build.0 = Release|Any CPU
		{291B2B91-D6B0-43FB-8838-7F6AACB3D36A}.Release|x64.ActiveCfg = Release|Any CPU
		{291B2B91-D6B0-43FB-8838-7F6AACB3D36A}.Release|x64.Build.0 = Release|Any CPU
		{291B2B91-D6B0-43FB-8838-7F6AACB3D36A}.Release|x86.ActiveCfg = Release|Any CPU
		{291B2B91-D6B0-43FB-8838-7F6AACB3D36A}.Release|x86.Build.0 = Release|Any CPU
		{19DDFF73-8C92-47A7-A828-B010F22D33E7}.Debug|Any CPU.ActiveCfg = Debug|Any CPU
		{19DDFF73-8C92-47A7-A828-B010F22D33E7}.Debug|Any CPU.Build.0 = Debug|Any CPU
		{19DDFF73-8C92-47A7-A828-B010F22D33E7}.Debug|x64.ActiveCfg = Debug|Any CPU
		{19DDFF73-8C92-47A7-A828-B010F22D33E7}.Debug|x64.Build.0 = Debug|Any CPU
		{19DDFF73-8C92-47A7-A828-B010F22D33E7}.Debug|x86.ActiveCfg = Debug|Any CPU
		{19DDFF73-8C92-47A7-A828-B010F22D33E7}.Debug|x86.Build.0 = Debug|Any CPU
		{19DDFF73-8C92-47A7-A828-B010F22D33E7}.Release|Any CPU.ActiveCfg = Release|Any CPU
		{19DDFF73-8C92-47A7-A828-B010F22D33E7}.Release|Any CPU.Build.0 = Release|Any CPU
		{19DDFF73-8C92-47A7-A828-B010F22D33E7}.Release|x64.ActiveCfg = Release|Any CPU
		{19DDFF73-8C92-47A7-A828-B010F22D33E7}.Release|x64.Build.0 = Release|Any CPU
		{19DDFF73-8C92-47A7-A828-B010F22D33E7}.Release|x86.ActiveCfg = Release|Any CPU
		{19DDFF73-8C92-47A7-A828-B010F22D33E7}.Release|x86.Build.0 = Release|Any CPU
		{78E379A6-32AC-42F7-B306-A50B4E34EE70}.Debug|Any CPU.ActiveCfg = Debug|Any CPU
		{78E379A6-32AC-42F7-B306-A50B4E34EE70}.Debug|Any CPU.Build.0 = Debug|Any CPU
		{78E379A6-32AC-42F7-B306-A50B4E34EE70}.Debug|x64.ActiveCfg = Debug|Any CPU
		{78E379A6-32AC-42F7-B306-A50B4E34EE70}.Debug|x64.Build.0 = Debug|Any CPU
		{78E379A6-32AC-42F7-B306-A50B4E34EE70}.Debug|x86.ActiveCfg = Debug|Any CPU
		{78E379A6-32AC-42F7-B306-A50B4E34EE70}.Debug|x86.Build.0 = Debug|Any CPU
		{78E379A6-32AC-42F7-B306-A50B4E34EE70}.Release|Any CPU.ActiveCfg = Release|Any CPU
		{78E379A6-32AC-42F7-B306-A50B4E34EE70}.Release|Any CPU.Build.0 = Release|Any CPU
		{78E379A6-32AC-42F7-B306-A50B4E34EE70}.Release|x64.ActiveCfg = Release|Any CPU
		{78E379A6-32AC-42F7-B306-A50B4E34EE70}.Release|x64.Build.0 = Release|Any CPU
		{78E379A6-32AC-42F7-B306-A50B4E34EE70}.Release|x86.ActiveCfg = Release|Any CPU
		{78E379A6-32AC-42F7-B306-A50B4E34EE70}.Release|x86.Build.0 = Release|Any CPU
		{EA49D1D7-9CBB-4594-A66C-1466BE9EA0AF}.Debug|Any CPU.ActiveCfg = Debug|Any CPU
		{EA49D1D7-9CBB-4594-A66C-1466BE9EA0AF}.Debug|Any CPU.Build.0 = Debug|Any CPU
		{EA49D1D7-9CBB-4594-A66C-1466BE9EA0AF}.Debug|x64.ActiveCfg = Debug|Any CPU
		{EA49D1D7-9CBB-4594-A66C-1466BE9EA0AF}.Debug|x64.Build.0 = Debug|Any CPU
		{EA49D1D7-9CBB-4594-A66C-1466BE9EA0AF}.Debug|x86.ActiveCfg = Debug|Any CPU
		{EA49D1D7-9CBB-4594-A66C-1466BE9EA0AF}.Debug|x86.Build.0 = Debug|Any CPU
		{EA49D1D7-9CBB-4594-A66C-1466BE9EA0AF}.Release|Any CPU.ActiveCfg = Release|Any CPU
		{EA49D1D7-9CBB-4594-A66C-1466BE9EA0AF}.Release|Any CPU.Build.0 = Release|Any CPU
		{EA49D1D7-9CBB-4594-A66C-1466BE9EA0AF}.Release|x64.ActiveCfg = Release|Any CPU
		{EA49D1D7-9CBB-4594-A66C-1466BE9EA0AF}.Release|x64.Build.0 = Release|Any CPU
		{EA49D1D7-9CBB-4594-A66C-1466BE9EA0AF}.Release|x86.ActiveCfg = Release|Any CPU
		{EA49D1D7-9CBB-4594-A66C-1466BE9EA0AF}.Release|x86.Build.0 = Release|Any CPU
		{46B0E0EB-B6AA-484F-AF69-F2E92A0A54ED}.Debug|Any CPU.ActiveCfg = Debug|Any CPU
		{46B0E0EB-B6AA-484F-AF69-F2E92A0A54ED}.Debug|Any CPU.Build.0 = Debug|Any CPU
		{46B0E0EB-B6AA-484F-AF69-F2E92A0A54ED}.Debug|x64.ActiveCfg = Debug|Any CPU
		{46B0E0EB-B6AA-484F-AF69-F2E92A0A54ED}.Debug|x64.Build.0 = Debug|Any CPU
		{46B0E0EB-B6AA-484F-AF69-F2E92A0A54ED}.Debug|x86.ActiveCfg = Debug|Any CPU
		{46B0E0EB-B6AA-484F-AF69-F2E92A0A54ED}.Debug|x86.Build.0 = Debug|Any CPU
		{46B0E0EB-B6AA-484F-AF69-F2E92A0A54ED}.Release|Any CPU.ActiveCfg = Release|Any CPU
		{46B0E0EB-B6AA-484F-AF69-F2E92A0A54ED}.Release|Any CPU.Build.0 = Release|Any CPU
		{46B0E0EB-B6AA-484F-AF69-F2E92A0A54ED}.Release|x64.ActiveCfg = Release|Any CPU
		{46B0E0EB-B6AA-484F-AF69-F2E92A0A54ED}.Release|x64.Build.0 = Release|Any CPU
		{46B0E0EB-B6AA-484F-AF69-F2E92A0A54ED}.Release|x86.ActiveCfg = Release|Any CPU
		{46B0E0EB-B6AA-484F-AF69-F2E92A0A54ED}.Release|x86.Build.0 = Release|Any CPU
		{A34F0E8C-B81B-4459-B90F-D313E6A45CF0}.Debug|Any CPU.ActiveCfg = Debug|Any CPU
		{A34F0E8C-B81B-4459-B90F-D313E6A45CF0}.Debug|Any CPU.Build.0 = Debug|Any CPU
		{A34F0E8C-B81B-4459-B90F-D313E6A45CF0}.Debug|x64.ActiveCfg = Debug|Any CPU
		{A34F0E8C-B81B-4459-B90F-D313E6A45CF0}.Debug|x64.Build.0 = Debug|Any CPU
		{A34F0E8C-B81B-4459-B90F-D313E6A45CF0}.Debug|x86.ActiveCfg = Debug|Any CPU
		{A34F0E8C-B81B-4459-B90F-D313E6A45CF0}.Debug|x86.Build.0 = Debug|Any CPU
		{A34F0E8C-B81B-4459-B90F-D313E6A45CF0}.Release|Any CPU.ActiveCfg = Release|Any CPU
		{A34F0E8C-B81B-4459-B90F-D313E6A45CF0}.Release|Any CPU.Build.0 = Release|Any CPU
		{A34F0E8C-B81B-4459-B90F-D313E6A45CF0}.Release|x64.ActiveCfg = Release|Any CPU
		{A34F0E8C-B81B-4459-B90F-D313E6A45CF0}.Release|x64.Build.0 = Release|Any CPU
		{A34F0E8C-B81B-4459-B90F-D313E6A45CF0}.Release|x86.ActiveCfg = Release|Any CPU
		{A34F0E8C-B81B-4459-B90F-D313E6A45CF0}.Release|x86.Build.0 = Release|Any CPU
		{9F57A537-33A1-4F6C-B933-6158AE8268DA}.Debug|Any CPU.ActiveCfg = Debug|Any CPU
		{9F57A537-33A1-4F6C-B933-6158AE8268DA}.Debug|Any CPU.Build.0 = Debug|Any CPU
		{9F57A537-33A1-4F6C-B933-6158AE8268DA}.Debug|x64.ActiveCfg = Debug|Any CPU
		{9F57A537-33A1-4F6C-B933-6158AE8268DA}.Debug|x64.Build.0 = Debug|Any CPU
		{9F57A537-33A1-4F6C-B933-6158AE8268DA}.Debug|x86.ActiveCfg = Debug|Any CPU
		{9F57A537-33A1-4F6C-B933-6158AE8268DA}.Debug|x86.Build.0 = Debug|Any CPU
		{9F57A537-33A1-4F6C-B933-6158AE8268DA}.Release|Any CPU.ActiveCfg = Release|Any CPU
		{9F57A537-33A1-4F6C-B933-6158AE8268DA}.Release|Any CPU.Build.0 = Release|Any CPU
		{9F57A537-33A1-4F6C-B933-6158AE8268DA}.Release|x64.ActiveCfg = Release|Any CPU
		{9F57A537-33A1-4F6C-B933-6158AE8268DA}.Release|x64.Build.0 = Release|Any CPU
		{9F57A537-33A1-4F6C-B933-6158AE8268DA}.Release|x86.ActiveCfg = Release|Any CPU
		{9F57A537-33A1-4F6C-B933-6158AE8268DA}.Release|x86.Build.0 = Release|Any CPU
		{97388611-B44A-417A-B839-17374E97DB8E}.Debug|Any CPU.ActiveCfg = Debug|Any CPU
		{97388611-B44A-417A-B839-17374E97DB8E}.Debug|Any CPU.Build.0 = Debug|Any CPU
		{97388611-B44A-417A-B839-17374E97DB8E}.Debug|x64.ActiveCfg = Debug|Any CPU
		{97388611-B44A-417A-B839-17374E97DB8E}.Debug|x64.Build.0 = Debug|Any CPU
		{97388611-B44A-417A-B839-17374E97DB8E}.Debug|x86.ActiveCfg = Debug|Any CPU
		{97388611-B44A-417A-B839-17374E97DB8E}.Debug|x86.Build.0 = Debug|Any CPU
		{97388611-B44A-417A-B839-17374E97DB8E}.Release|Any CPU.ActiveCfg = Release|Any CPU
		{97388611-B44A-417A-B839-17374E97DB8E}.Release|Any CPU.Build.0 = Release|Any CPU
		{97388611-B44A-417A-B839-17374E97DB8E}.Release|x64.ActiveCfg = Release|Any CPU
		{97388611-B44A-417A-B839-17374E97DB8E}.Release|x64.Build.0 = Release|Any CPU
		{97388611-B44A-417A-B839-17374E97DB8E}.Release|x86.ActiveCfg = Release|Any CPU
		{97388611-B44A-417A-B839-17374E97DB8E}.Release|x86.Build.0 = Release|Any CPU
		{4434B852-E4C0-43D6-8266-5899B7725AD9}.Debug|Any CPU.ActiveCfg = Debug|Any CPU
		{4434B852-E4C0-43D6-8266-5899B7725AD9}.Debug|Any CPU.Build.0 = Debug|Any CPU
		{4434B852-E4C0-43D6-8266-5899B7725AD9}.Debug|x64.ActiveCfg = Debug|Any CPU
		{4434B852-E4C0-43D6-8266-5899B7725AD9}.Debug|x64.Build.0 = Debug|Any CPU
		{4434B852-E4C0-43D6-8266-5899B7725AD9}.Debug|x86.ActiveCfg = Debug|Any CPU
		{4434B852-E4C0-43D6-8266-5899B7725AD9}.Debug|x86.Build.0 = Debug|Any CPU
		{4434B852-E4C0-43D6-8266-5899B7725AD9}.Release|Any CPU.ActiveCfg = Release|Any CPU
		{4434B852-E4C0-43D6-8266-5899B7725AD9}.Release|Any CPU.Build.0 = Release|Any CPU
		{4434B852-E4C0-43D6-8266-5899B7725AD9}.Release|x64.ActiveCfg = Release|Any CPU
		{4434B852-E4C0-43D6-8266-5899B7725AD9}.Release|x64.Build.0 = Release|Any CPU
		{4434B852-E4C0-43D6-8266-5899B7725AD9}.Release|x86.ActiveCfg = Release|Any CPU
		{4434B852-E4C0-43D6-8266-5899B7725AD9}.Release|x86.Build.0 = Release|Any CPU
		{E9483D14-CB46-4D25-8866-74921AFAB9FC}.Debug|Any CPU.ActiveCfg = Debug|Any CPU
		{E9483D14-CB46-4D25-8866-74921AFAB9FC}.Debug|Any CPU.Build.0 = Debug|Any CPU
		{E9483D14-CB46-4D25-8866-74921AFAB9FC}.Debug|x64.ActiveCfg = Debug|Any CPU
		{E9483D14-CB46-4D25-8866-74921AFAB9FC}.Debug|x64.Build.0 = Debug|Any CPU
		{E9483D14-CB46-4D25-8866-74921AFAB9FC}.Debug|x86.ActiveCfg = Debug|Any CPU
		{E9483D14-CB46-4D25-8866-74921AFAB9FC}.Debug|x86.Build.0 = Debug|Any CPU
		{E9483D14-CB46-4D25-8866-74921AFAB9FC}.Release|Any CPU.ActiveCfg = Release|Any CPU
		{E9483D14-CB46-4D25-8866-74921AFAB9FC}.Release|Any CPU.Build.0 = Release|Any CPU
		{E9483D14-CB46-4D25-8866-74921AFAB9FC}.Release|x64.ActiveCfg = Release|Any CPU
		{E9483D14-CB46-4D25-8866-74921AFAB9FC}.Release|x64.Build.0 = Release|Any CPU
		{E9483D14-CB46-4D25-8866-74921AFAB9FC}.Release|x86.ActiveCfg = Release|Any CPU
		{E9483D14-CB46-4D25-8866-74921AFAB9FC}.Release|x86.Build.0 = Release|Any CPU
	EndGlobalSection
	GlobalSection(SolutionProperties) = preSolution
		HideSolutionNode = FALSE
	EndGlobalSection
	GlobalSection(NestedProjects) = preSolution
		{06912778-BEB2-4241-A697-4E0815BACF97} = {0CA7C510-81D0-6125-88FC-6D701964A67D}
		{BA96D546-86C1-4F8C-8ED9-227601DAB16B} = {0CA7C510-81D0-6125-88FC-6D701964A67D}
		{DF31E742-7CA1-4E8F-8103-0BD3193DAACC} = {0CA7C510-81D0-6125-88FC-6D701964A67D}
		{50A7E678-7632-4CD2-B79D-B9648A0AB68D} = {0CA7C510-81D0-6125-88FC-6D701964A67D}
		{12C9E507-CC22-47B4-BF20-341BB3E8AF19} = {0CA7C510-81D0-6125-88FC-6D701964A67D}
		{38AE017B-62E1-46B0-AAE5-3531D977C474} = {0CA7C510-81D0-6125-88FC-6D701964A67D}
		{4E61C237-86E6-4728-97D3-7DC110F1515E} = {0CA7C510-81D0-6125-88FC-6D701964A67D}
		{4EBAEB15-E1D8-4171-B6B3-E7D488CCB2E7} = {0CA7C510-81D0-6125-88FC-6D701964A67D}
		{5CAE6832-C67F-4AF6-8A2E-6C43DD41FACC} = {0CA7C510-81D0-6125-88FC-6D701964A67D}
		{988A817E-754D-4C0E-853C-D083827FF954} = {0CA7C510-81D0-6125-88FC-6D701964A67D}
		{1C804755-B631-4E2F-A5CB-D423CAFF1CE7} = {0CA7C510-81D0-6125-88FC-6D701964A67D}
		{14EAC6A2-7B0A-458E-BF29-5C8B9611A0E5} = {0CA7C510-81D0-6125-88FC-6D701964A67D}
		{2F27F918-800D-46BF-ADA6-31E04D835807} = {0CA7C510-81D0-6125-88FC-6D701964A67D}
		{291B2B91-D6B0-43FB-8838-7F6AACB3D36A} = {0CA7C510-81D0-6125-88FC-6D701964A67D}
		{19DDFF73-8C92-47A7-A828-B010F22D33E7} = {0CA7C510-81D0-6125-88FC-6D701964A67D}
		{78E379A6-32AC-42F7-B306-A50B4E34EE70} = {0CA7C510-81D0-6125-88FC-6D701964A67D}
		{EA49D1D7-9CBB-4594-A66C-1466BE9EA0AF} = {0CA7C510-81D0-6125-88FC-6D701964A67D}
		{46B0E0EB-B6AA-484F-AF69-F2E92A0A54ED} = {0CA7C510-81D0-6125-88FC-6D701964A67D}
		{A34F0E8C-B81B-4459-B90F-D313E6A45CF0} = {0CA7C510-81D0-6125-88FC-6D701964A67D}
		{9F57A537-33A1-4F6C-B933-6158AE8268DA} = {0CA7C510-81D0-6125-88FC-6D701964A67D}
		{97388611-B44A-417A-B839-17374E97DB8E} = {0CA7C510-81D0-6125-88FC-6D701964A67D}
		{4434B852-E4C0-43D6-8266-5899B7725AD9} = {0CA7C510-81D0-6125-88FC-6D701964A67D}
		{E9483D14-CB46-4D25-8866-74921AFAB9FC} = {0CA7C510-81D0-6125-88FC-6D701964A67D}
	EndGlobalSection
EndGlobal
